// !$*UTF8*$!
{
	archiveVersion = 1;
	classes = {
	};
	objectVersion = 50;
	objects = {

/* Begin PBXBuildFile section */
		663E917624A7B3A20045A55A /* AppDelegate.swift in Sources */ = {isa = PBXBuildFile; fileRef = 663E917524A7B3A20045A55A /* AppDelegate.swift */; };
		663E917A24A7B3A20045A55A /* ViewController.swift in Sources */ = {isa = PBXBuildFile; fileRef = 663E917924A7B3A20045A55A /* ViewController.swift */; };
		663E917D24A7B3A30045A55A /* Main.storyboard in Resources */ = {isa = PBXBuildFile; fileRef = 663E917B24A7B3A30045A55A /* Main.storyboard */; };
		663E918024A7B3A30045A55A /* LiverpoolTest.xcdatamodeld in Sources */ = {isa = PBXBuildFile; fileRef = 663E917E24A7B3A30045A55A /* LiverpoolTest.xcdatamodeld */; };
		663E918224A7B3A70045A55A /* Assets.xcassets in Resources */ = {isa = PBXBuildFile; fileRef = 663E918124A7B3A70045A55A /* Assets.xcassets */; };
		663E918524A7B3A70045A55A /* LaunchScreen.storyboard in Resources */ = {isa = PBXBuildFile; fileRef = 663E918324A7B3A70045A55A /* LaunchScreen.storyboard */; };
		663E918E24A7B5AC0045A55A /* ProductCellTableViewCell.swift in Sources */ = {isa = PBXBuildFile; fileRef = 663E918C24A7B5AC0045A55A /* ProductCellTableViewCell.swift */; };
		663E918F24A7B5AC0045A55A /* ProductCellTableViewCell.xib in Resources */ = {isa = PBXBuildFile; fileRef = 663E918D24A7B5AC0045A55A /* ProductCellTableViewCell.xib */; };
		663E919124A7BD970045A55A /* RequestResponseModel.swift in Sources */ = {isa = PBXBuildFile; fileRef = 663E919024A7BD970045A55A /* RequestResponseModel.swift */; };
		6640209B24A7D86200850D37 /* RecordEntity+CoreDataClass.swift in Sources */ = {isa = PBXBuildFile; fileRef = 6640209924A7D86200850D37 /* RecordEntity+CoreDataClass.swift */; };
		6640209C24A7D86200850D37 /* RecordEntity+CoreDataProperties.swift in Sources */ = {isa = PBXBuildFile; fileRef = 6640209A24A7D86200850D37 /* RecordEntity+CoreDataProperties.swift */; };
		6640209F24A7E36600850D37 /* SearchString+CoreDataClass.swift in Sources */ = {isa = PBXBuildFile; fileRef = 6640209D24A7E36600850D37 /* SearchString+CoreDataClass.swift */; };
		664020A024A7E36600850D37 /* SearchString+CoreDataProperties.swift in Sources */ = {isa = PBXBuildFile; fileRef = 6640209E24A7E36600850D37 /* SearchString+CoreDataProperties.swift */; };
		664020A324A7E6D400850D37 /* SearchTableViewController.swift in Sources */ = {isa = PBXBuildFile; fileRef = 664020A124A7E6D400850D37 /* SearchTableViewController.swift */; };
		664020A424A7E6D400850D37 /* SearchTableViewController.xib in Resources */ = {isa = PBXBuildFile; fileRef = 664020A224A7E6D400850D37 /* SearchTableViewController.xib */; };
		BFF5F709439C9FEF73E1BB22 /* Pods_LiverpoolTest.framework in Frameworks */ = {isa = PBXBuildFile; fileRef = C37A0CB65D379A5E764F3438 /* Pods_LiverpoolTest.framework */; };
		E769045D25228C9100A28C8B /* LiverpoolTestTests.swift in Sources */ = {isa = PBXBuildFile; fileRef = E769045C25228C9100A28C8B /* LiverpoolTestTests.swift */; };
/* End PBXBuildFile section */

/* Begin PBXContainerItemProxy section */
		E769045F25228C9100A28C8B /* PBXContainerItemProxy */ = {
			isa = PBXContainerItemProxy;
			containerPortal = 663E916A24A7B3A20045A55A /* Project object */;
			proxyType = 1;
			remoteGlobalIDString = 663E917124A7B3A20045A55A;
			remoteInfo = LiverpoolTest;
		};
/* End PBXContainerItemProxy section */

/* Begin PBXFileReference section */
		3475D6646C1F746C56581C48 /* Pods-LiverpoolTest.release.xcconfig */ = {isa = PBXFileReference; includeInIndex = 1; lastKnownFileType = text.xcconfig; name = "Pods-LiverpoolTest.release.xcconfig"; path = "Target Support Files/Pods-LiverpoolTest/Pods-LiverpoolTest.release.xcconfig"; sourceTree = "<group>"; };
		5109FBEBAB40E107FB8BE0F8 /* Pods-LiverpoolTest.debug.xcconfig */ = {isa = PBXFileReference; includeInIndex = 1; lastKnownFileType = text.xcconfig; name = "Pods-LiverpoolTest.debug.xcconfig"; path = "Target Support Files/Pods-LiverpoolTest/Pods-LiverpoolTest.debug.xcconfig"; sourceTree = "<group>"; };
		663E917224A7B3A20045A55A /* LiverpoolTest.app */ = {isa = PBXFileReference; explicitFileType = wrapper.application; includeInIndex = 0; path = LiverpoolTest.app; sourceTree = BUILT_PRODUCTS_DIR; };
		663E917524A7B3A20045A55A /* AppDelegate.swift */ = {isa = PBXFileReference; lastKnownFileType = sourcecode.swift; path = AppDelegate.swift; sourceTree = "<group>"; };
		663E917924A7B3A20045A55A /* ViewController.swift */ = {isa = PBXFileReference; lastKnownFileType = sourcecode.swift; path = ViewController.swift; sourceTree = "<group>"; };
		663E917C24A7B3A30045A55A /* Base */ = {isa = PBXFileReference; lastKnownFileType = file.storyboard; name = Base; path = Base.lproj/Main.storyboard; sourceTree = "<group>"; };
		663E917F24A7B3A30045A55A /* LiverpoolTest.xcdatamodel */ = {isa = PBXFileReference; lastKnownFileType = wrapper.xcdatamodel; path = LiverpoolTest.xcdatamodel; sourceTree = "<group>"; };
		663E918124A7B3A70045A55A /* Assets.xcassets */ = {isa = PBXFileReference; lastKnownFileType = folder.assetcatalog; path = Assets.xcassets; sourceTree = "<group>"; };
		663E918424A7B3A70045A55A /* Base */ = {isa = PBXFileReference; lastKnownFileType = file.storyboard; name = Base; path = Base.lproj/LaunchScreen.storyboard; sourceTree = "<group>"; };
		663E918624A7B3A70045A55A /* Info.plist */ = {isa = PBXFileReference; lastKnownFileType = text.plist.xml; path = Info.plist; sourceTree = "<group>"; };
		663E918C24A7B5AC0045A55A /* ProductCellTableViewCell.swift */ = {isa = PBXFileReference; lastKnownFileType = sourcecode.swift; path = ProductCellTableViewCell.swift; sourceTree = "<group>"; };
		663E918D24A7B5AC0045A55A /* ProductCellTableViewCell.xib */ = {isa = PBXFileReference; lastKnownFileType = file.xib; path = ProductCellTableViewCell.xib; sourceTree = "<group>"; };
		663E919024A7BD970045A55A /* RequestResponseModel.swift */ = {isa = PBXFileReference; lastKnownFileType = sourcecode.swift; path = RequestResponseModel.swift; sourceTree = "<group>"; };
		6640209924A7D86200850D37 /* RecordEntity+CoreDataClass.swift */ = {isa = PBXFileReference; lastKnownFileType = sourcecode.swift; path = "RecordEntity+CoreDataClass.swift"; sourceTree = "<group>"; };
		6640209A24A7D86200850D37 /* RecordEntity+CoreDataProperties.swift */ = {isa = PBXFileReference; lastKnownFileType = sourcecode.swift; path = "RecordEntity+CoreDataProperties.swift"; sourceTree = "<group>"; };
		6640209D24A7E36600850D37 /* SearchString+CoreDataClass.swift */ = {isa = PBXFileReference; lastKnownFileType = sourcecode.swift; path = "SearchString+CoreDataClass.swift"; sourceTree = "<group>"; };
		6640209E24A7E36600850D37 /* SearchString+CoreDataProperties.swift */ = {isa = PBXFileReference; lastKnownFileType = sourcecode.swift; path = "SearchString+CoreDataProperties.swift"; sourceTree = "<group>"; };
		664020A124A7E6D400850D37 /* SearchTableViewController.swift */ = {isa = PBXFileReference; lastKnownFileType = sourcecode.swift; path = SearchTableViewController.swift; sourceTree = "<group>"; };
		664020A224A7E6D400850D37 /* SearchTableViewController.xib */ = {isa = PBXFileReference; lastKnownFileType = file.xib; path = SearchTableViewController.xib; sourceTree = "<group>"; };
		C37A0CB65D379A5E764F3438 /* Pods_LiverpoolTest.framework */ = {isa = PBXFileReference; explicitFileType = wrapper.framework; includeInIndex = 0; path = Pods_LiverpoolTest.framework; sourceTree = BUILT_PRODUCTS_DIR; };
		E769045A25228C9100A28C8B /* LiverpoolTestTests.xctest */ = {isa = PBXFileReference; explicitFileType = wrapper.cfbundle; includeInIndex = 0; path = LiverpoolTestTests.xctest; sourceTree = BUILT_PRODUCTS_DIR; };
		E769045C25228C9100A28C8B /* LiverpoolTestTests.swift */ = {isa = PBXFileReference; lastKnownFileType = sourcecode.swift; path = LiverpoolTestTests.swift; sourceTree = "<group>"; };
		E769045E25228C9100A28C8B /* Info.plist */ = {isa = PBXFileReference; lastKnownFileType = text.plist.xml; path = Info.plist; sourceTree = "<group>"; };
/* End PBXFileReference section */

/* Begin PBXFrameworksBuildPhase section */
		663E916F24A7B3A20045A55A /* Frameworks */ = {
			isa = PBXFrameworksBuildPhase;
			buildActionMask = 2147483647;
			files = (
				BFF5F709439C9FEF73E1BB22 /* Pods_LiverpoolTest.framework in Frameworks */,
			);
			runOnlyForDeploymentPostprocessing = 0;
		};
		E769045725228C9100A28C8B /* Frameworks */ = {
			isa = PBXFrameworksBuildPhase;
			buildActionMask = 2147483647;
			files = (
			);
			runOnlyForDeploymentPostprocessing = 0;
		};
/* End PBXFrameworksBuildPhase section */

/* Begin PBXGroup section */
		663E916924A7B3A20045A55A = {
			isa = PBXGroup;
			children = (
				663E917424A7B3A20045A55A /* LiverpoolTest */,
				E769045B25228C9100A28C8B /* LiverpoolTestTests */,
				663E917324A7B3A20045A55A /* Products */,
				ADB4CA484733E2462796AB3B /* Pods */,
				90082202200C7DB319BA7EB0 /* Frameworks */,
			);
			sourceTree = "<group>";
		};
		663E917324A7B3A20045A55A /* Products */ = {
			isa = PBXGroup;
			children = (
				663E917224A7B3A20045A55A /* LiverpoolTest.app */,
				E769045A25228C9100A28C8B /* LiverpoolTestTests.xctest */,
			);
			name = Products;
			sourceTree = "<group>";
		};
		663E917424A7B3A20045A55A /* LiverpoolTest */ = {
			isa = PBXGroup;
			children = (
				663E917524A7B3A20045A55A /* AppDelegate.swift */,
				663E917924A7B3A20045A55A /* ViewController.swift */,
				664020A124A7E6D400850D37 /* SearchTableViewController.swift */,
				664020A224A7E6D400850D37 /* SearchTableViewController.xib */,
				663E918C24A7B5AC0045A55A /* ProductCellTableViewCell.swift */,
				663E918D24A7B5AC0045A55A /* ProductCellTableViewCell.xib */,
				663E919024A7BD970045A55A /* RequestResponseModel.swift */,
				663E917B24A7B3A30045A55A /* Main.storyboard */,
				663E918124A7B3A70045A55A /* Assets.xcassets */,
				663E918324A7B3A70045A55A /* LaunchScreen.storyboard */,
				663E918624A7B3A70045A55A /* Info.plist */,
				664020A524A7E71300850D37 /* CoreData */,
			);
			path = LiverpoolTest;
			sourceTree = "<group>";
		};
		664020A524A7E71300850D37 /* CoreData */ = {
			isa = PBXGroup;
			children = (
				663E917E24A7B3A30045A55A /* LiverpoolTest.xcdatamodeld */,
				6640209924A7D86200850D37 /* RecordEntity+CoreDataClass.swift */,
				6640209A24A7D86200850D37 /* RecordEntity+CoreDataProperties.swift */,
				6640209D24A7E36600850D37 /* SearchString+CoreDataClass.swift */,
				6640209E24A7E36600850D37 /* SearchString+CoreDataProperties.swift */,
			);
			path = CoreData;
			sourceTree = "<group>";
		};
		90082202200C7DB319BA7EB0 /* Frameworks */ = {
			isa = PBXGroup;
			children = (
				C37A0CB65D379A5E764F3438 /* Pods_LiverpoolTest.framework */,
			);
			name = Frameworks;
			sourceTree = "<group>";
		};
		ADB4CA484733E2462796AB3B /* Pods */ = {
			isa = PBXGroup;
			children = (
				5109FBEBAB40E107FB8BE0F8 /* Pods-LiverpoolTest.debug.xcconfig */,
				3475D6646C1F746C56581C48 /* Pods-LiverpoolTest.release.xcconfig */,
			);
			path = Pods;
			sourceTree = "<group>";
		};
		E769045B25228C9100A28C8B /* LiverpoolTestTests */ = {
			isa = PBXGroup;
			children = (
				E769045C25228C9100A28C8B /* LiverpoolTestTests.swift */,
				E769045E25228C9100A28C8B /* Info.plist */,
			);
			path = LiverpoolTestTests;
			sourceTree = "<group>";
		};
/* End PBXGroup section */

/* Begin PBXNativeTarget section */
		663E917124A7B3A20045A55A /* LiverpoolTest */ = {
			isa = PBXNativeTarget;
			buildConfigurationList = 663E918924A7B3A70045A55A /* Build configuration list for PBXNativeTarget "LiverpoolTest" */;
			buildPhases = (
				DA3916386CB7F0387E31DFDF /* [CP] Check Pods Manifest.lock */,
				E778AE0A251960790042E56A /* ShellScript */,
				663E916E24A7B3A20045A55A /* Sources */,
				663E916F24A7B3A20045A55A /* Frameworks */,
				663E917024A7B3A20045A55A /* Resources */,
			);
			buildRules = (
			);
			dependencies = (
			);
			name = LiverpoolTest;
			productName = LiverpoolTest;
			productReference = 663E917224A7B3A20045A55A /* LiverpoolTest.app */;
			productType = "com.apple.product-type.application";
		};
		E769045925228C9100A28C8B /* LiverpoolTestTests */ = {
			isa = PBXNativeTarget;
			buildConfigurationList = E769046325228C9100A28C8B /* Build configuration list for PBXNativeTarget "LiverpoolTestTests" */;
			buildPhases = (
				E769045625228C9100A28C8B /* Sources */,
				E769045725228C9100A28C8B /* Frameworks */,
				E769045825228C9100A28C8B /* Resources */,
			);
			buildRules = (
			);
			dependencies = (
				E769046025228C9100A28C8B /* PBXTargetDependency */,
			);
			name = LiverpoolTestTests;
			productName = LiverpoolTestTests;
			productReference = E769045A25228C9100A28C8B /* LiverpoolTestTests.xctest */;
			productType = "com.apple.product-type.bundle.unit-test";
		};
/* End PBXNativeTarget section */

/* Begin PBXProject section */
		663E916A24A7B3A20045A55A /* Project object */ = {
			isa = PBXProject;
			attributes = {
				LastSwiftUpdateCheck = 1150;
				LastUpgradeCheck = 1150;
				ORGANIZATIONNAME = "Alan Omar Solano Campos";
				TargetAttributes = {
					663E917124A7B3A20045A55A = {
						CreatedOnToolsVersion = 11.5;
					};
					E769045925228C9100A28C8B = {
						CreatedOnToolsVersion = 11.5;
						TestTargetID = 663E917124A7B3A20045A55A;
					};
				};
			};
			buildConfigurationList = 663E916D24A7B3A20045A55A /* Build configuration list for PBXProject "LiverpoolTest" */;
			compatibilityVersion = "Xcode 9.3";
			developmentRegion = en;
			hasScannedForEncodings = 0;
			knownRegions = (
				en,
				Base,
			);
			mainGroup = 663E916924A7B3A20045A55A;
			productRefGroup = 663E917324A7B3A20045A55A /* Products */;
			projectDirPath = "";
			projectRoot = "";
			targets = (
				663E917124A7B3A20045A55A /* LiverpoolTest */,
				E769045925228C9100A28C8B /* LiverpoolTestTests */,
			);
		};
/* End PBXProject section */

/* Begin PBXResourcesBuildPhase section */
		663E917024A7B3A20045A55A /* Resources */ = {
			isa = PBXResourcesBuildPhase;
			buildActionMask = 2147483647;
			files = (
				664020A424A7E6D400850D37 /* SearchTableViewController.xib in Resources */,
				663E918524A7B3A70045A55A /* LaunchScreen.storyboard in Resources */,
				663E918F24A7B5AC0045A55A /* ProductCellTableViewCell.xib in Resources */,
				663E918224A7B3A70045A55A /* Assets.xcassets in Resources */,
				663E917D24A7B3A30045A55A /* Main.storyboard in Resources */,
			);
			runOnlyForDeploymentPostprocessing = 0;
		};
		E769045825228C9100A28C8B /* Resources */ = {
			isa = PBXResourcesBuildPhase;
			buildActionMask = 2147483647;
			files = (
			);
			runOnlyForDeploymentPostprocessing = 0;
		};
/* End PBXResourcesBuildPhase section */

/* Begin PBXShellScriptBuildPhase section */
		DA3916386CB7F0387E31DFDF /* [CP] Check Pods Manifest.lock */ = {
			isa = PBXShellScriptBuildPhase;
			buildActionMask = 2147483647;
			files = (
			);
			inputFileListPaths = (
			);
			inputPaths = (
				"${PODS_PODFILE_DIR_PATH}/Podfile.lock",
				"${PODS_ROOT}/Manifest.lock",
			);
			name = "[CP] Check Pods Manifest.lock";
			outputFileListPaths = (
			);
			outputPaths = (
				"$(DERIVED_FILE_DIR)/Pods-LiverpoolTest-checkManifestLockResult.txt",
			);
			runOnlyForDeploymentPostprocessing = 0;
			shellPath = /bin/sh;
			shellScript = "diff \"${PODS_PODFILE_DIR_PATH}/Podfile.lock\" \"${PODS_ROOT}/Manifest.lock\" > /dev/null\nif [ $? != 0 ] ; then\n    # print error to STDERR\n    echo \"error: The sandbox is not in sync with the Podfile.lock. Run 'pod install' or update your CocoaPods installation.\" >&2\n    exit 1\nfi\n# This output is used by Xcode 'outputs' to avoid re-running this script phase.\necho \"SUCCESS\" > \"${SCRIPT_OUTPUT_FILE_0}\"\n";
			showEnvVarsInLog = 0;
		};
		E778AE0A251960790042E56A /* ShellScript */ = {
			isa = PBXShellScriptBuildPhase;
			buildActionMask = 2147483647;
			files = (
			);
			inputFileListPaths = (
			);
			inputPaths = (
			);
			outputFileListPaths = (
			);
			outputPaths = (
			);
			runOnlyForDeploymentPostprocessing = 0;
			shellPath = /bin/sh;
			shellScript = "# Type a script or drag a script file from your workspace to insert its path.\nbranch=$(git status | head -n1)\ncommit=$(git log --oneline | head -n1)\n\necho $branch\necho $commit\necho ${INFOPLIST_FILE}\n\npwd\n\n/usr/libexec/PlistBuddy -c \"Delete :zbranch\" \"${INFOPLIST_FILE}\"\n/usr/libexec/PlistBuddy -c \"Delete :zcommit\" \"${INFOPLIST_FILE}\"\n\n/usr/libexec/PlistBuddy -c \"Add :zbranch string $branch\" \"${INFOPLIST_FILE}\"\n/usr/libexec/PlistBuddy -c \"Add :zcommit string $commit\" \"${INFOPLIST_FILE}\"\n";
		};
/* End PBXShellScriptBuildPhase section */

/* Begin PBXSourcesBuildPhase section */
		663E916E24A7B3A20045A55A /* Sources */ = {
			isa = PBXSourcesBuildPhase;
			buildActionMask = 2147483647;
			files = (
				6640209F24A7E36600850D37 /* SearchString+CoreDataClass.swift in Sources */,
				6640209C24A7D86200850D37 /* RecordEntity+CoreDataProperties.swift in Sources */,
				663E919124A7BD970045A55A /* RequestResponseModel.swift in Sources */,
				664020A024A7E36600850D37 /* SearchString+CoreDataProperties.swift in Sources */,
				663E917A24A7B3A20045A55A /* ViewController.swift in Sources */,
				663E918E24A7B5AC0045A55A /* ProductCellTableViewCell.swift in Sources */,
				663E917624A7B3A20045A55A /* AppDelegate.swift in Sources */,
				664020A324A7E6D400850D37 /* SearchTableViewController.swift in Sources */,
				6640209B24A7D86200850D37 /* RecordEntity+CoreDataClass.swift in Sources */,
				663E918024A7B3A30045A55A /* LiverpoolTest.xcdatamodeld in Sources */,
			);
			runOnlyForDeploymentPostprocessing = 0;
		};
		E769045625228C9100A28C8B /* Sources */ = {
			isa = PBXSourcesBuildPhase;
			buildActionMask = 2147483647;
			files = (
				E769045D25228C9100A28C8B /* LiverpoolTestTests.swift in Sources */,
			);
			runOnlyForDeploymentPostprocessing = 0;
		};
/* End PBXSourcesBuildPhase section */

/* Begin PBXTargetDependency section */
		E769046025228C9100A28C8B /* PBXTargetDependency */ = {
			isa = PBXTargetDependency;
			target = 663E917124A7B3A20045A55A /* LiverpoolTest */;
			targetProxy = E769045F25228C9100A28C8B /* PBXContainerItemProxy */;
		};
/* End PBXTargetDependency section */

/* Begin PBXVariantGroup section */
		663E917B24A7B3A30045A55A /* Main.storyboard */ = {
			isa = PBXVariantGroup;
			children = (
				663E917C24A7B3A30045A55A /* Base */,
			);
			name = Main.storyboard;
			sourceTree = "<group>";
		};
		663E918324A7B3A70045A55A /* LaunchScreen.storyboard */ = {
			isa = PBXVariantGroup;
			children = (
				663E918424A7B3A70045A55A /* Base */,
			);
			name = LaunchScreen.storyboard;
			sourceTree = "<group>";
		};
/* End PBXVariantGroup section */

/* Begin XCBuildConfiguration section */
		663E918724A7B3A70045A55A /* Debug */ = {
			isa = XCBuildConfiguration;
			buildSettings = {
				ALWAYS_SEARCH_USER_PATHS = NO;
				CLANG_ANALYZER_NONNULL = YES;
				CLANG_ANALYZER_NUMBER_OBJECT_CONVERSION = YES_AGGRESSIVE;
				CLANG_CXX_LANGUAGE_STANDARD = "gnu++14";
				CLANG_CXX_LIBRARY = "libc++";
				CLANG_ENABLE_MODULES = YES;
				CLANG_ENABLE_OBJC_ARC = YES;
				CLANG_ENABLE_OBJC_WEAK = YES;
				CLANG_WARN_BLOCK_CAPTURE_AUTORELEASING = YES;
				CLANG_WARN_BOOL_CONVERSION = YES;
				CLANG_WARN_COMMA = YES;
				CLANG_WARN_CONSTANT_CONVERSION = YES;
				CLANG_WARN_DEPRECATED_OBJC_IMPLEMENTATIONS = YES;
				CLANG_WARN_DIRECT_OBJC_ISA_USAGE = YES_ERROR;
				CLANG_WARN_DOCUMENTATION_COMMENTS = YES;
				CLANG_WARN_EMPTY_BODY = YES;
				CLANG_WARN_ENUM_CONVERSION = YES;
				CLANG_WARN_INFINITE_RECURSION = YES;
				CLANG_WARN_INT_CONVERSION = YES;
				CLANG_WARN_NON_LITERAL_NULL_CONVERSION = YES;
				CLANG_WARN_OBJC_IMPLICIT_RETAIN_SELF = YES;
				CLANG_WARN_OBJC_LITERAL_CONVERSION = YES;
				CLANG_WARN_OBJC_ROOT_CLASS = YES_ERROR;
				CLANG_WARN_RANGE_LOOP_ANALYSIS = YES;
				CLANG_WARN_STRICT_PROTOTYPES = YES;
				CLANG_WARN_SUSPICIOUS_MOVE = YES;
				CLANG_WARN_UNGUARDED_AVAILABILITY = YES_AGGRESSIVE;
				CLANG_WARN_UNREACHABLE_CODE = YES;
				CLANG_WARN__DUPLICATE_METHOD_MATCH = YES;
				COPY_PHASE_STRIP = NO;
				DEBUG_INFORMATION_FORMAT = dwarf;
				ENABLE_STRICT_OBJC_MSGSEND = YES;
				ENABLE_TESTABILITY = YES;
				GCC_C_LANGUAGE_STANDARD = gnu11;
				GCC_DYNAMIC_NO_PIC = NO;
				GCC_NO_COMMON_BLOCKS = YES;
				GCC_OPTIMIZATION_LEVEL = 0;
				GCC_PREPROCESSOR_DEFINITIONS = (
					"DEBUG=1",
					"$(inherited)",
				);
				GCC_WARN_64_TO_32_BIT_CONVERSION = YES;
				GCC_WARN_ABOUT_RETURN_TYPE = YES_ERROR;
				GCC_WARN_UNDECLARED_SELECTOR = YES;
				GCC_WARN_UNINITIALIZED_AUTOS = YES_AGGRESSIVE;
				GCC_WARN_UNUSED_FUNCTION = YES;
				GCC_WARN_UNUSED_VARIABLE = YES;
				IPHONEOS_DEPLOYMENT_TARGET = 13.5;
				MTL_ENABLE_DEBUG_INFO = INCLUDE_SOURCE;
				MTL_FAST_MATH = YES;
				ONLY_ACTIVE_ARCH = YES;
				SDKROOT = iphoneos;
				SWIFT_ACTIVE_COMPILATION_CONDITIONS = DEBUG;
				SWIFT_OPTIMIZATION_LEVEL = "-Onone";
			};
			name = Debug;
		};
		663E918824A7B3A70045A55A /* Release */ = {
			isa = XCBuildConfiguration;
			buildSettings = {
				ALWAYS_SEARCH_USER_PATHS = NO;
				CLANG_ANALYZER_NONNULL = YES;
				CLANG_ANALYZER_NUMBER_OBJECT_CONVERSION = YES_AGGRESSIVE;
				CLANG_CXX_LANGUAGE_STANDARD = "gnu++14";
				CLANG_CXX_LIBRARY = "libc++";
				CLANG_ENABLE_MODULES = YES;
				CLANG_ENABLE_OBJC_ARC = YES;
				CLANG_ENABLE_OBJC_WEAK = YES;
				CLANG_WARN_BLOCK_CAPTURE_AUTORELEASING = YES;
				CLANG_WARN_BOOL_CONVERSION = YES;
				CLANG_WARN_COMMA = YES;
				CLANG_WARN_CONSTANT_CONVERSION = YES;
				CLANG_WARN_DEPRECATED_OBJC_IMPLEMENTATIONS = YES;
				CLANG_WARN_DIRECT_OBJC_ISA_USAGE = YES_ERROR;
				CLANG_WARN_DOCUMENTATION_COMMENTS = YES;
				CLANG_WARN_EMPTY_BODY = YES;
				CLANG_WARN_ENUM_CONVERSION = YES;
				CLANG_WARN_INFINITE_RECURSION = YES;
				CLANG_WARN_INT_CONVERSION = YES;
				CLANG_WARN_NON_LITERAL_NULL_CONVERSION = YES;
				CLANG_WARN_OBJC_IMPLICIT_RETAIN_SELF = YES;
				CLANG_WARN_OBJC_LITERAL_CONVERSION = YES;
				CLANG_WARN_OBJC_ROOT_CLASS = YES_ERROR;
				CLANG_WARN_RANGE_LOOP_ANALYSIS = YES;
				CLANG_WARN_STRICT_PROTOTYPES = YES;
				CLANG_WARN_SUSPICIOUS_MOVE = YES;
				CLANG_WARN_UNGUARDED_AVAILABILITY = YES_AGGRESSIVE;
				CLANG_WARN_UNREACHABLE_CODE = YES;
				CLANG_WARN__DUPLICATE_METHOD_MATCH = YES;
				COPY_PHASE_STRIP = NO;
				DEBUG_INFORMATION_FORMAT = "dwarf-with-dsym";
				ENABLE_NS_ASSERTIONS = NO;
				ENABLE_STRICT_OBJC_MSGSEND = YES;
				GCC_C_LANGUAGE_STANDARD = gnu11;
				GCC_NO_COMMON_BLOCKS = YES;
				GCC_WARN_64_TO_32_BIT_CONVERSION = YES;
				GCC_WARN_ABOUT_RETURN_TYPE = YES_ERROR;
				GCC_WARN_UNDECLARED_SELECTOR = YES;
				GCC_WARN_UNINITIALIZED_AUTOS = YES_AGGRESSIVE;
				GCC_WARN_UNUSED_FUNCTION = YES;
				GCC_WARN_UNUSED_VARIABLE = YES;
				IPHONEOS_DEPLOYMENT_TARGET = 13.5;
				MTL_ENABLE_DEBUG_INFO = NO;
				MTL_FAST_MATH = YES;
				SDKROOT = iphoneos;
				SWIFT_COMPILATION_MODE = wholemodule;
				SWIFT_OPTIMIZATION_LEVEL = "-O";
				VALIDATE_PRODUCT = YES;
			};
			name = Release;
		};
		663E918A24A7B3A70045A55A /* Debug */ = {
			isa = XCBuildConfiguration;
			baseConfigurationReference = 5109FBEBAB40E107FB8BE0F8 /* Pods-LiverpoolTest.debug.xcconfig */;
			buildSettings = {
				ASSETCATALOG_COMPILER_APPICON_NAME = AppIcon;
				CODE_SIGN_STYLE = Automatic;
				INFOPLIST_FILE = LiverpoolTest/Info.plist;
				IPHONEOS_DEPLOYMENT_TARGET = 13.0;
				LD_RUNPATH_SEARCH_PATHS = (
					"$(inherited)",
					"@executable_path/Frameworks",
				);
				PRODUCT_BUNDLE_IDENTIFIER = alan.solano.LiverpoolTest;
				PRODUCT_NAME = "$(TARGET_NAME)";
				SWIFT_VERSION = 5.0;
				TARGETED_DEVICE_FAMILY = "1,2";
			};
			name = Debug;
		};
		663E918B24A7B3A70045A55A /* Release */ = {
			isa = XCBuildConfiguration;
			baseConfigurationReference = 3475D6646C1F746C56581C48 /* Pods-LiverpoolTest.release.xcconfig */;
			buildSettings = {
				ASSETCATALOG_COMPILER_APPICON_NAME = AppIcon;
				CODE_SIGN_STYLE = Automatic;
				INFOPLIST_FILE = LiverpoolTest/Info.plist;
				IPHONEOS_DEPLOYMENT_TARGET = 13.0;
				LD_RUNPATH_SEARCH_PATHS = (
					"$(inherited)",
					"@executable_path/Frameworks",
				);
				PRODUCT_BUNDLE_IDENTIFIER = alan.solano.LiverpoolTest;
				PRODUCT_NAME = "$(TARGET_NAME)";
				SWIFT_VERSION = 5.0;
				TARGETED_DEVICE_FAMILY = "1,2";
			};
			name = Release;
		};
		E769046125228C9100A28C8B /* Debug */ = {
			isa = XCBuildConfiguration;
			buildSettings = {
				BUNDLE_LOADER = "$(TEST_HOST)";
				CODE_SIGN_STYLE = Automatic;
				DEVELOPMENT_TEAM = 7J483MZUNG;
				INFOPLIST_FILE = LiverpoolTestTests/Info.plist;
				LD_RUNPATH_SEARCH_PATHS = (
					"$(inherited)",
					"@executable_path/Frameworks",
					"@loader_path/Frameworks",
				);
				PRODUCT_BUNDLE_IDENTIFIER = com.test.LiverpoolTestTests;
				PRODUCT_NAME = "$(TARGET_NAME)";
				SWIFT_VERSION = 5.0;
				TARGETED_DEVICE_FAMILY = "1,2";
				TEST_HOST = "$(BUILT_PRODUCTS_DIR)/LiverpoolTest.app/LiverpoolTest";
			};
			name = Debug;
		};
		E769046225228C9100A28C8B /* Release */ = {
			isa = XCBuildConfiguration;
			buildSettings = {
				BUNDLE_LOADER = "$(TEST_HOST)";
				CODE_SIGN_STYLE = Automatic;
				DEVELOPMENT_TEAM = 7J483MZUNG;
				INFOPLIST_FILE = LiverpoolTestTests/Info.plist;
				LD_RUNPATH_SEARCH_PATHS = (
					"$(inherited)",
					"@executable_path/Frameworks",
					"@loader_path/Frameworks",
				);
				PRODUCT_BUNDLE_IDENTIFIER = com.test.LiverpoolTestTests;
				PRODUCT_NAME = "$(TARGET_NAME)";
				SWIFT_VERSION = 5.0;
				TARGETED_DEVICE_FAMILY = "1,2";
				TEST_HOST = "$(BUILT_PRODUCTS_DIR)/LiverpoolTest.app/LiverpoolTest";
			};
			name = Release;
		};
/* End XCBuildConfiguration section */

/* Begin XCConfigurationList section */
		663E916D24A7B3A20045A55A /* Build configuration list for PBXProject "LiverpoolTest" */ = {
			isa = XCConfigurationList;
			buildConfigurations = (
				663E918724A7B3A70045A55A /* Debug */,
				663E918824A7B3A70045A55A /* Release */,
			);
			defaultConfigurationIsVisible = 0;
			defaultConfigurationName = Release;
		};
		663E918924A7B3A70045A55A /* Build configuration list for PBXNativeTarget "LiverpoolTest" */ = {
			isa = XCConfigurationList;
			buildConfigurations = (
				663E918A24A7B3A70045A55A /* Debug */,
				663E918B24A7B3A70045A55A /* Release */,
			);
			defaultConfigurationIsVisible = 0;
			defaultConfigurationName = Release;
		};
		E769046325228C9100A28C8B /* Build configuration list for PBXNativeTarget "LiverpoolTestTests" */ = {
			isa = XCConfigurationList;
			buildConfigurations = (
				E769046125228C9100A28C8B /* Debug */,
				E769046225228C9100A28C8B /* Release */,
			);
			defaultConfigurationIsVisible = 0;
			defaultConfigurationName = Release;
		};
/* End XCConfigurationList section */

/* Begin XCVersionGroup section */
		663E917E24A7B3A30045A55A /* LiverpoolTest.xcdatamodeld */ = {
			isa = XCVersionGroup;
			children = (
				663E917F24A7B3A30045A55A /* LiverpoolTest.xcdatamodel */,
			);
			currentVersion = 663E917F24A7B3A30045A55A /* LiverpoolTest.xcdatamodel */;
			path = LiverpoolTest.xcdatamodeld;
			sourceTree = "<group>";
			versionGroupType = wrapper.xcdatamodel;
		};
/* End XCVersionGroup section */
	};
	rootObject = 663E916A24A7B3A20045A55A /* Project object */;
}
